
Microsoft Visual Studio Solution File, Format Version 12.00
# Visual Studio Version 16
VisualStudioVersion = 16.0.30907.101
MinimumVisualStudioVersion = 10.0.40219.1
Project("{9A19103F-16F7-4668-BE54-9A1E7A4F7556}") = "WebApiCRUD", "WebApiCRUD\WebApiCRUD.csproj", "{FE2CB7BC-BC8C-4EFB-9B89-B61C30D1B069}"
EndProject
Project("{FAE04EC0-301F-11D3-BF4B-00C04F79EFBC}") = "Mvc", "Mvc\Mvc.csproj", "{A7CBC2CF-7390-4D7F-8B35-B0CFF2B07042}"
EndProject
Global
	GlobalSection(SolutionConfigurationPlatforms) = preSolution
		Debug|Any CPU = Debug|Any CPU
		Release|Any CPU = Release|Any CPU
	EndGlobalSection
	GlobalSection(ProjectConfigurationPlatforms) = postSolution
		{FE2CB7BC-BC8C-4EFB-9B89-B61C30D1B069}.Debug|Any CPU.ActiveCfg = Debug|Any CPU
		{FE2CB7BC-BC8C-4EFB-9B89-B61C30D1B069}.Debug|Any CPU.Build.0 = Debug|Any CPU
		{FE2CB7BC-BC8C-4EFB-9B89-B61C30D1B069}.Release|Any CPU.ActiveCfg = Release|Any CPU
		{FE2CB7BC-BC8C-4EFB-9B89-B61C30D1B069}.Release|Any CPU.Build.0 = Release|Any CPU
		{A7CBC2CF-7390-4D7F-8B35-B0CFF2B07042}.Debug|Any CPU.ActiveCfg = Debug|Any CPU
		{A7CBC2CF-7390-4D7F-8B35-B0CFF2B07042}.Debug|Any CPU.Build.0 = Debug|Any CPU
		{A7CBC2CF-7390-4D7F-8B35-B0CFF2B07042}.Release|Any CPU.ActiveCfg = Release|Any CPU
		{A7CBC2CF-7390-4D7F-8B35-B0CFF2B07042}.Release|Any CPU.Build.0 = Release|Any CPU
	EndGlobalSection
	GlobalSection(SolutionProperties) = preSolution
		HideSolutionNode = FALSE
	EndGlobalSection
	GlobalSection(ExtensibilityGlobals) = postSolution
		SolutionGuid = {886EDE65-E1D6-4892-95E3-A32C3FA49AC2}
	EndGlobalSection
EndGlobal
